// !$*UTF8*$!
{
	archiveVersion = 1;
	classes = {
	};
	objectVersion = 77;
	objects = {

/* Begin PBXBuildFile section */
		3827F9EA3032D16200F665F3 /* MyDayPlanView.swift in Sources */ = {isa = PBXBuildFile; fileRef = 3827F9E93032D16200F665F3 /* MyDayPlanView.swift */; };
		3827F9EC3032DAD800F665F3 /* SelectionFieldView.swift in Sources */ = {isa = PBXBuildFile; fileRef = 3827F9EB3032DAD800F665F3 /* SelectionFieldView.swift */; };
		3827F9EE3032DB7200F665F3 /* MyDayPlanViewModel.swift in Sources */ = {isa = PBXBuildFile; fileRef = 3827F9ED3032DB7200F665F3 /* MyDayPlanViewModel.swift */; };
		3827FA1B3033361D00F665F3 /* faceCaptureCamera.swift in Sources */ = {isa = PBXBuildFile; fileRef = 3827FA1A3033361D00F665F3 /* faceCaptureCamera.swift */; };
		383365E2302C9A6E0054B736 /* MasterSyncView.swift in Sources */ = {isa = PBXBuildFile; fileRef = 383365E1302C9A6E0054B736 /* MasterSyncView.swift */; };
		383365E4302C9A8D0054B736 /* MasterSyncViewModel.swift in Sources */ = {isa = PBXBuildFile; fileRef = 383365E3302C9A8D0054B736 /* MasterSyncViewModel.swift */; };
		383365E6302C9AAB0054B736 /* MasterSyncModel.swift in Sources */ = {isa = PBXBuildFile; fileRef = 383365E5302C9AAB0054B736 /* MasterSyncModel.swift */; };
		383365E8302C9BDE0054B736 /* BottomTabBar.swift in Sources */ = {isa = PBXBuildFile; fileRef = 383365E7302C9BDE0054B736 /* BottomTabBar.swift */; };
		3848575930342A790065A453 /* LeaveFormView.swift in Sources */ = {isa = PBXBuildFile; fileRef = 3848575830342A790065A453 /* LeaveFormView.swift */; };
		3848575D30342ADB0065A453 /* LeaveViewModel.swift in Sources */ = {isa = PBXBuildFile; fileRef = 3848575C30342AD10065A453 /* LeaveViewModel.swift */; };
		3848575F30342AE60065A453 /* MenuViewModel.swift in Sources */ = {isa = PBXBuildFile; fileRef = 3848575E30342ADE0065A453 /* MenuViewModel.swift */; };
		3848576230342B7E0065A453 /* LeaveModel.swift in Sources */ = {isa = PBXBuildFile; fileRef = 3848576130342B7A0065A453 /* LeaveModel.swift */; };
		386C56A8301722C10066DC31 /* WelcomeView.swift in Sources */ = {isa = PBXBuildFile; fileRef = 386C56A7301722C10066DC31 /* WelcomeView.swift */; };
		386C56B9301734350066DC31 /* Helper.swift in Sources */ = {isa = PBXBuildFile; fileRef = 386C56B8301730C50066DC31 /* Helper.swift */; };
		386C56BA301735820066DC31 /* WorkSans-Medium.ttf in Resources */ = {isa = PBXBuildFile; fileRef = 386C56B130172C060066DC31 /* WorkSans-Medium.ttf */; };
		386C56BB301735920066DC31 /* WorkSans-Bold.ttf in Resources */ = {isa = PBXBuildFile; fileRef = 386C56AE30172BEC0066DC31 /* WorkSans-Bold.ttf */; };
		386C56BC301735EC0066DC31 /* WorkSans-Light.ttf in Resources */ = {isa = PBXBuildFile; fileRef = 386C56AF30172BF50066DC31 /* WorkSans-Light.ttf */; };
		386C56BD301735F20066DC31 /* WorkSans-SemiBold.ttf in Resources */ = {isa = PBXBuildFile; fileRef = 386C56B030172BFC0066DC31 /* WorkSans-SemiBold.ttf */; };
		386C56BE301735F70066DC31 /* WorkSans-Regular.ttf in Resources */ = {isa = PBXBuildFile; fileRef = 386C56AD30172BD90066DC31 /* WorkSans-Regular.ttf */; };
		386C56BF301735FE0066DC31 /* WorkSans-ExtraBold.ttf in Resources */ = {isa = PBXBuildFile; fileRef = 386C56B230172C830066DC31 /* WorkSans-ExtraBold.ttf */; };
		386C56C1301739210066DC31 /* Common.swift in Sources */ = {isa = PBXBuildFile; fileRef = 386C56C03017391D0066DC31 /* Common.swift */; };
		386C56C330174F020066DC31 /* LoginView.swift in Sources */ = {isa = PBXBuildFile; fileRef = 386C56C230174F020066DC31 /* LoginView.swift */; };
		387443D730247C00008EFC66 /* LocationViewModel.swift in Sources */ = {isa = PBXBuildFile; fileRef = 387443D630247BF8008EFC66 /* LocationViewModel.swift */; };
		387443D93024823B008EFC66 /* PermissionManager.swift in Sources */ = {isa = PBXBuildFile; fileRef = 387443D83024822D008EFC66 /* PermissionManager.swift */; };
		387A87913025ABE300B533FB /* DashboardView.swift in Sources */ = {isa = PBXBuildFile; fileRef = 387A87903025ABE300B533FB /* DashboardView.swift */; };
		387A87973025CF7200B533FB /* DashboardModel.swift in Sources */ = {isa = PBXBuildFile; fileRef = 387A87963025CF6C00B533FB /* DashboardModel.swift */; };
		387A87993025D00000B533FB /* DashboardViewModel.swift in Sources */ = {isa = PBXBuildFile; fileRef = 387A87983025CFFA00B533FB /* DashboardViewModel.swift */; };
		3880E0113018B66300075E50 /* AuthenticationModel.swift in Sources */ = {isa = PBXBuildFile; fileRef = 3880E0103018B65C00075E50 /* AuthenticationModel.swift */; };
		3880E0133018B67400075E50 /* AuthenticationViewModel.swift in Sources */ = {isa = PBXBuildFile; fileRef = 3880E0123018B66900075E50 /* AuthenticationViewModel.swift */; };
		3880E0173018CCAE00075E50 /* NetworkManager.swift in Sources */ = {isa = PBXBuildFile; fileRef = 3880E0163018CB9B00075E50 /* NetworkManager.swift */; };
		3880E0193018D22D00075E50 /* APIClient.swift in Sources */ = {isa = PBXBuildFile; fileRef = 3880E0183018D22800075E50 /* APIClient.swift */; };
		3880E01B3018D5D400075E50 /* Constant.swift in Sources */ = {isa = PBXBuildFile; fileRef = 3880E01A3018D5CE00075E50 /* Constant.swift */; };
		3881C9983021EE5A00369C3E /* demoView.swift in Sources */ = {isa = PBXBuildFile; fileRef = 3881C9973021EE5A00369C3E /* demoView.swift */; };
		3881C99A3021F9A300369C3E /* ChangePwdView.swift in Sources */ = {isa = PBXBuildFile; fileRef = 3881C9993021F9A300369C3E /* ChangePwdView.swift */; };
		3884265D302AF4B6002943B9 /* MenuView.swift in Sources */ = {isa = PBXBuildFile; fileRef = 3884265C302AF4B6002943B9 /* MenuView.swift */; };
		388C567F3019D204002C252C /* SettingsView.swift in Sources */ = {isa = PBXBuildFile; fileRef = 388C567E3019D204002C252C /* SettingsView.swift */; };
		388C569D301A0BDA002C252C /* CoreDataManager.swift in Sources */ = {isa = PBXBuildFile; fileRef = 388C569C301A0BD1002C252C /* CoreDataManager.swift */; };
		388C569F301A1D49002C252C /* SessionManager.swift in Sources */ = {isa = PBXBuildFile; fileRef = 388C569E301A1D42002C252C /* SessionManager.swift */; };
		38C718FF302EDB2D0005DAD3 /* UserSetup.swift in Sources */ = {isa = PBXBuildFile; fileRef = 38C718FE302EDB2D0005DAD3 /* UserSetup.swift */; };
		38C7198D302F19FA0005DAD3 /* ToastManager.swift in Sources */ = {isa = PBXBuildFile; fileRef = 38C7198C302F19FA0005DAD3 /* ToastManager.swift */; };
/* End PBXBuildFile section */

/* Begin PBXFileReference section */
		3827F9E93032D16200F665F3 /* MyDayPlanView.swift */ = {isa = PBXFileReference; lastKnownFileType = sourcecode.swift; path = MyDayPlanView.swift; sourceTree = "<group>"; };
		3827F9EB3032DAD800F665F3 /* SelectionFieldView.swift */ = {isa = PBXFileReference; lastKnownFileType = sourcecode.swift; path = SelectionFieldView.swift; sourceTree = "<group>"; };
		3827F9ED3032DB7200F665F3 /* MyDayPlanViewModel.swift */ = {isa = PBXFileReference; lastKnownFileType = sourcecode.swift; path = MyDayPlanViewModel.swift; sourceTree = "<group>"; };
		3827FA1A3033361D00F665F3 /* faceCaptureCamera.swift */ = {isa = PBXFileReference; lastKnownFileType = sourcecode.swift; path = faceCaptureCamera.swift; sourceTree = "<group>"; };
		383365E1302C9A6E0054B736 /* MasterSyncView.swift */ = {isa = PBXFileReference; lastKnownFileType = sourcecode.swift; path = MasterSyncView.swift; sourceTree = "<group>"; };
		383365E3302C9A8D0054B736 /* MasterSyncViewModel.swift */ = {isa = PBXFileReference; lastKnownFileType = sourcecode.swift; path = MasterSyncViewModel.swift; sourceTree = "<group>"; };
		383365E5302C9AAB0054B736 /* MasterSyncModel.swift */ = {isa = PBXFileReference; lastKnownFileType = sourcecode.swift; path = MasterSyncModel.swift; sourceTree = "<group>"; };
		383365E7302C9BDE0054B736 /* BottomTabBar.swift */ = {isa = PBXFileReference; lastKnownFileType = sourcecode.swift; path = BottomTabBar.swift; sourceTree = "<group>"; };
		3848575830342A790065A453 /* LeaveFormView.swift */ = {isa = PBXFileReference; lastKnownFileType = sourcecode.swift; path = LeaveFormView.swift; sourceTree = "<group>"; };
		3848575C30342AD10065A453 /* LeaveViewModel.swift */ = {isa = PBXFileReference; lastKnownFileType = sourcecode.swift; path = LeaveViewModel.swift; sourceTree = "<group>"; };
		3848575E30342ADE0065A453 /* MenuViewModel.swift */ = {isa = PBXFileReference; lastKnownFileType = sourcecode.swift; path = MenuViewModel.swift; sourceTree = "<group>"; };
		3848576130342B7A0065A453 /* LeaveModel.swift */ = {isa = PBXFileReference; lastKnownFileType = sourcecode.swift; path = LeaveModel.swift; sourceTree = "<group>"; };
		386C568930171FC90066DC31 /* SalesJump.app */ = {isa = PBXFileReference; explicitFileType = wrapper.application; includeInIndex = 0; path = SalesJump.app; sourceTree = BUILT_PRODUCTS_DIR; };
		386C56A7301722C10066DC31 /* WelcomeView.swift */ = {isa = PBXFileReference; lastKnownFileType = sourcecode.swift; path = WelcomeView.swift; sourceTree = "<group>"; };
		386C56AD30172BD90066DC31 /* WorkSans-Regular.ttf */ = {isa = PBXFileReference; lastKnownFileType = file; path = "WorkSans-Regular.ttf"; sourceTree = "<group>"; };
		386C56AE30172BEC0066DC31 /* WorkSans-Bold.ttf */ = {isa = PBXFileReference; lastKnownFileType = file; path = "WorkSans-Bold.ttf"; sourceTree = "<group>"; };
		386C56AF30172BF50066DC31 /* WorkSans-Light.ttf */ = {isa = PBXFileReference; lastKnownFileType = file; path = "WorkSans-Light.ttf"; sourceTree = "<group>"; };
		386C56B030172BFC0066DC31 /* WorkSans-SemiBold.ttf */ = {isa = PBXFileReference; lastKnownFileType = file; path = "WorkSans-SemiBold.ttf"; sourceTree = "<group>"; };
		386C56B130172C060066DC31 /* WorkSans-Medium.ttf */ = {isa = PBXFileReference; lastKnownFileType = file; path = "WorkSans-Medium.ttf"; sourceTree = "<group>"; };
		386C56B230172C830066DC31 /* WorkSans-ExtraBold.ttf */ = {isa = PBXFileReference; lastKnownFileType = file; path = "WorkSans-ExtraBold.ttf"; sourceTree = "<group>"; };
		386C56B8301730C50066DC31 /* Helper.swift */ = {isa = PBXFileReference; lastKnownFileType = sourcecode.swift; path = Helper.swift; sourceTree = "<group>"; };
		386C56C03017391D0066DC31 /* Common.swift */ = {isa = PBXFileReference; lastKnownFileType = sourcecode.swift; path = Common.swift; sourceTree = "<group>"; };
		386C56C230174F020066DC31 /* LoginView.swift */ = {isa = PBXFileReference; lastKnownFileType = sourcecode.swift; path = LoginView.swift; sourceTree = "<group>"; };
		387443D630247BF8008EFC66 /* LocationViewModel.swift */ = {isa = PBXFileReference; lastKnownFileType = sourcecode.swift; path = LocationViewModel.swift; sourceTree = "<group>"; };
		387443D83024822D008EFC66 /* PermissionManager.swift */ = {isa = PBXFileReference; lastKnownFileType = sourcecode.swift; path = PermissionManager.swift; sourceTree = "<group>"; };
		387A87903025ABE300B533FB /* DashboardView.swift */ = {isa = PBXFileReference; lastKnownFileType = sourcecode.swift; path = DashboardView.swift; sourceTree = "<group>"; };
		387A87963025CF6C00B533FB /* DashboardModel.swift */ = {isa = PBXFileReference; lastKnownFileType = sourcecode.swift; path = DashboardModel.swift; sourceTree = "<group>"; };
		387A87983025CFFA00B533FB /* DashboardViewModel.swift */ = {isa = PBXFileReference; lastKnownFileType = sourcecode.swift; path = DashboardViewModel.swift; sourceTree = "<group>"; };
		3880E0103018B65C00075E50 /* AuthenticationModel.swift */ = {isa = PBXFileReference; lastKnownFileType = sourcecode.swift; path = AuthenticationModel.swift; sourceTree = "<group>"; };
		3880E0123018B66900075E50 /* AuthenticationViewModel.swift */ = {isa = PBXFileReference; lastKnownFileType = sourcecode.swift; path = AuthenticationViewModel.swift; sourceTree = "<group>"; };
		3880E0163018CB9B00075E50 /* NetworkManager.swift */ = {isa = PBXFileReference; lastKnownFileType = sourcecode.swift; path = NetworkManager.swift; sourceTree = "<group>"; };
		3880E0183018D22800075E50 /* APIClient.swift */ = {isa = PBXFileReference; lastKnownFileType = sourcecode.swift; path = APIClient.swift; sourceTree = "<group>"; };
		3880E01A3018D5CE00075E50 /* Constant.swift */ = {isa = PBXFileReference; lastKnownFileType = sourcecode.swift; path = Constant.swift; sourceTree = "<group>"; };
		3881C9973021EE5A00369C3E /* demoView.swift */ = {isa = PBXFileReference; lastKnownFileType = sourcecode.swift; path = demoView.swift; sourceTree = "<group>"; };
		3881C9993021F9A300369C3E /* ChangePwdView.swift */ = {isa = PBXFileReference; lastKnownFileType = sourcecode.swift; path = ChangePwdView.swift; sourceTree = "<group>"; };
		3884265C302AF4B6002943B9 /* MenuView.swift */ = {isa = PBXFileReference; lastKnownFileType = sourcecode.swift; path = MenuView.swift; sourceTree = "<group>"; };
		388C567E3019D204002C252C /* SettingsView.swift */ = {isa = PBXFileReference; lastKnownFileType = sourcecode.swift; path = SettingsView.swift; sourceTree = "<group>"; };
		388C569C301A0BD1002C252C /* CoreDataManager.swift */ = {isa = PBXFileReference; lastKnownFileType = sourcecode.swift; path = CoreDataManager.swift; sourceTree = "<group>"; };
		388C569E301A1D42002C252C /* SessionManager.swift */ = {isa = PBXFileReference; lastKnownFileType = sourcecode.swift; path = SessionManager.swift; sourceTree = "<group>"; };
		38C718FE302EDB2D0005DAD3 /* UserSetup.swift */ = {isa = PBXFileReference; lastKnownFileType = sourcecode.swift; path = UserSetup.swift; sourceTree = "<group>"; };
		38C7198C302F19FA0005DAD3 /* ToastManager.swift */ = {isa = PBXFileReference; lastKnownFileType = sourcecode.swift; path = ToastManager.swift; sourceTree = "<group>"; };
/* End PBXFileReference section */

/* Begin PBXFileSystemSynchronizedBuildFileExceptionSet section */
		386C56B630172F5A0066DC31 /* Exceptions for "SalesJump" folder in "SalesJump" target */ = {
			isa = PBXFileSystemSynchronizedBuildFileExceptionSet;
			membershipExceptions = (
				Info.plist,
			);
			target = 386C568830171FC90066DC31 /* SalesJump */;
		};
/* End PBXFileSystemSynchronizedBuildFileExceptionSet section */

/* Begin PBXFileSystemSynchronizedRootGroup section */
		386C568B30171FC90066DC31 /* SalesJump */ = {
			isa = PBXFileSystemSynchronizedRootGroup;
			exceptions = (
				386C56B630172F5A0066DC31 /* Exceptions for "SalesJump" folder in "SalesJump" target */,
			);
			path = SalesJump;
			sourceTree = "<group>";
		};
/* End PBXFileSystemSynchronizedRootGroup section */

/* Begin PBXFrameworksBuildPhase section */
		386C568630171FC90066DC31 /* Frameworks */ = {
			isa = PBXFrameworksBuildPhase;
			buildActionMask = 2147483647;
			files = (
			);
			runOnlyForDeploymentPostprocessing = 0;
		};
/* End PBXFrameworksBuildPhase section */

/* Begin PBXGroup section */
		383365E0302C9A590054B736 /* MasterSync */ = {
			isa = PBXGroup;
			children = (
				383365E1302C9A6E0054B736 /* MasterSyncView.swift */,
				383365E3302C9A8D0054B736 /* MasterSyncViewModel.swift */,
				383365E5302C9AAB0054B736 /* MasterSyncModel.swift */,
			);
			path = MasterSync;
			sourceTree = "<group>";
		};
		3848575730342A600065A453 /* Leave */ = {
			isa = PBXGroup;
			children = (
				3848575830342A790065A453 /* LeaveFormView.swift */,
			);
			path = Leave;
			sourceTree = "<group>";
		};
		3848575A30342ABC0065A453 /* Menu */ = {
			isa = PBXGroup;
			children = (
				3848575E30342ADE0065A453 /* MenuViewModel.swift */,
				3848575B30342ACB0065A453 /* Leave */,
			);
			path = Menu;
			sourceTree = "<group>";
		};
		3848575B30342ACB0065A453 /* Leave */ = {
			isa = PBXGroup;
			children = (
				3848575C30342AD10065A453 /* LeaveViewModel.swift */,
			);
			path = Leave;
			sourceTree = "<group>";
		};
		3848576030342B730065A453 /* Leave */ = {
			isa = PBXGroup;
			children = (
				3848576130342B7A0065A453 /* LeaveModel.swift */,
			);
			path = Leave;
			sourceTree = "<group>";
		};
		386C568030171FC90066DC31 = {
			isa = PBXGroup;
			children = (
				383365E0302C9A590054B736 /* MasterSync */,
				3880E0143018C62F00075E50 /* Services */,
				386C56B73017307A0066DC31 /* Common */,
				386C56AC30172BBD0066DC31 /* Fonts */,
				386C56A0301720E10066DC31 /* MVVM */,
				386C568B30171FC90066DC31 /* SalesJump */,
				386C568A30171FC90066DC31 /* Products */,
			);
			sourceTree = "<group>";
		};
		386C568A30171FC90066DC31 /* Products */ = {
			isa = PBXGroup;
			children = (
				386C568930171FC90066DC31 /* SalesJump.app */,
			);
			name = Products;
			sourceTree = "<group>";
		};
		386C56A0301720E10066DC31 /* MVVM */ = {
			isa = PBXGroup;
			children = (
				386C56A1301721090066DC31 /* Model */,
				386C56A2301721130066DC31 /* View */,
				386C56A33017211B0066DC31 /* ViewModel */,
			);
			path = MVVM;
			sourceTree = "<group>";
		};
		386C56A1301721090066DC31 /* Model */ = {
			isa = PBXGroup;
			children = (
				3848576030342B730065A453 /* Leave */,
				386C56A5301721440066DC31 /* Authentication */,
			);
			path = Model;
			sourceTree = "<group>";
		};
		386C56A2301721130066DC31 /* View */ = {
			isa = PBXGroup;
			children = (
				3884265B302AF48C002943B9 /* Menu */,
				386C56A9301726690066DC31 /* Home */,
				386C56A4301721330066DC31 /* Authentication */,
			);
			path = View;
			sourceTree = "<group>";
		};
		386C56A33017211B0066DC31 /* ViewModel */ = {
			isa = PBXGroup;
			children = (
				3848575A30342ABC0065A453 /* Menu */,
				386C56A63017214E0066DC31 /* Authentication */,
			);
			path = ViewModel;
			sourceTree = "<group>";
		};
		386C56A4301721330066DC31 /* Authentication */ = {
			isa = PBXGroup;
			children = (
				386C56A7301722C10066DC31 /* WelcomeView.swift */,
				386C56C230174F020066DC31 /* LoginView.swift */,
				388C567E3019D204002C252C /* SettingsView.swift */,
				3881C9973021EE5A00369C3E /* demoView.swift */,
				3881C9993021F9A300369C3E /* ChangePwdView.swift */,
				383365E7302C9BDE0054B736 /* BottomTabBar.swift */,
			);
			path = Authentication;
			sourceTree = "<group>";
		};
		386C56A5301721440066DC31 /* Authentication */ = {
			isa = PBXGroup;
			children = (
				387A87963025CF6C00B533FB /* DashboardModel.swift */,
				3880E0103018B65C00075E50 /* AuthenticationModel.swift */,
			);
			path = Authentication;
			sourceTree = "<group>";
		};
		386C56A63017214E0066DC31 /* Authentication */ = {
			isa = PBXGroup;
			children = (
				387A87983025CFFA00B533FB /* DashboardViewModel.swift */,
				3880E0123018B66900075E50 /* AuthenticationViewModel.swift */,
				3827F9ED3032DB7200F665F3 /* MyDayPlanViewModel.swift */,
			);
			path = Authentication;
			sourceTree = "<group>";
		};
		386C56A9301726690066DC31 /* Home */ = {
			isa = PBXGroup;
			children = (
				387A87903025ABE300B533FB /* DashboardView.swift */,
				3827F9E93032D16200F665F3 /* MyDayPlanView.swift */,
			);
			path = Home;
			sourceTree = "<group>";
		};
		386C56AC30172BBD0066DC31 /* Fonts */ = {
			isa = PBXGroup;
			children = (
				386C56B130172C060066DC31 /* WorkSans-Medium.ttf */,
				386C56AF30172BF50066DC31 /* WorkSans-Light.ttf */,
				386C56B030172BFC0066DC31 /* WorkSans-SemiBold.ttf */,
				386C56AD30172BD90066DC31 /* WorkSans-Regular.ttf */,
				386C56AE30172BEC0066DC31 /* WorkSans-Bold.ttf */,
				386C56B230172C830066DC31 /* WorkSans-ExtraBold.ttf */,
			);
			path = Fonts;
			sourceTree = "<group>";
		};
		386C56B73017307A0066DC31 /* Common */ = {
			isa = PBXGroup;
			children = (
				3880E01A3018D5CE00075E50 /* Constant.swift */,
				386C56C03017391D0066DC31 /* Common.swift */,
				386C56B8301730C50066DC31 /* Helper.swift */,
				38C718FE302EDB2D0005DAD3 /* UserSetup.swift */,
				3827F9EB3032DAD800F665F3 /* SelectionFieldView.swift */,
			);
			path = Common;
			sourceTree = "<group>";
		};
		3880E0143018C62F00075E50 /* Services */ = {
			isa = PBXGroup;
			children = (
				387443D83024822D008EFC66 /* PermissionManager.swift */,
				387443D630247BF8008EFC66 /* LocationViewModel.swift */,
				388C569E301A1D42002C252C /* SessionManager.swift */,
				388C569C301A0BD1002C252C /* CoreDataManager.swift */,
				3880E0183018D22800075E50 /* APIClient.swift */,
				3880E0163018CB9B00075E50 /* NetworkManager.swift */,
				38C7198C302F19FA0005DAD3 /* ToastManager.swift */,
				3827FA1A3033361D00F665F3 /* faceCaptureCamera.swift */,
			);
			path = Services;
			sourceTree = "<group>";
		};
		3884265B302AF48C002943B9 /* Menu */ = {
			isa = PBXGroup;
			children = (
				3848575730342A600065A453 /* Leave */,
				3884265C302AF4B6002943B9 /* MenuView.swift */,
			);
			path = Menu;
			sourceTree = "<group>";
		};
/* End PBXGroup section */

/* Begin PBXNativeTarget section */
		386C568830171FC90066DC31 /* SalesJump */ = {
			isa = PBXNativeTarget;
			buildConfigurationList = 386C569930171FCB0066DC31 /* Build configuration list for PBXNativeTarget "SalesJump" */;
			buildPhases = (
				386C568530171FC90066DC31 /* Sources */,
				386C568630171FC90066DC31 /* Frameworks */,
				386C568730171FC90066DC31 /* Resources */,
			);
			buildRules = (
			);
			dependencies = (
			);
			fileSystemSynchronizedGroups = (
				386C568B30171FC90066DC31 /* SalesJump */,
			);
			name = SalesJump;
			productName = SalesJump;
			productReference = 386C568930171FC90066DC31 /* SalesJump.app */;
			productType = "com.apple.product-type.application";
		};
/* End PBXNativeTarget section */

/* Begin PBXProject section */
		386C568130171FC90066DC31 /* Project object */ = {
			isa = PBXProject;
			attributes = {
				BuildIndependentTargetsInParallel = 1;
				LastSwiftUpdateCheck = 2660;
				LastUpgradeCheck = 2660;
				TargetAttributes = {
					386C568830171FC90066DC31 = {
						CreatedOnToolsVersion = 26.6;
					};
				};
			};
			buildConfigurationList = 386C568430171FC90066DC31 /* Build configuration list for PBXProject "SalesJump" */;
			developmentRegion = en;
			hasScannedForEncodings = 0;
			knownRegions = (
				en,
				Base,
			);
			mainGroup = 386C568030171FC90066DC31;
			minimizedProjectReferenceProxies = 1;
			preferredProjectObjectVersion = 77;
			productRefGroup = 386C568A30171FC90066DC31 /* Products */;
			projectDirPath = "";
			projectRoot = "";
			targets = (
				386C568830171FC90066DC31 /* SalesJump */,
			);
		};
/* End PBXProject section */

/* Begin PBXResourcesBuildPhase section */
		386C568730171FC90066DC31 /* Resources */ = {
			isa = PBXResourcesBuildPhase;
			buildActionMask = 2147483647;
			files = (
				386C56BD301735F20066DC31 /* WorkSans-SemiBold.ttf in Resources */,
				386C56BF301735FE0066DC31 /* WorkSans-ExtraBold.ttf in Resources */,
				386C56BA301735820066DC31 /* WorkSans-Medium.ttf in Resources */,
				386C56BE301735F70066DC31 /* WorkSans-Regular.ttf in Resources */,
				386C56BB301735920066DC31 /* WorkSans-Bold.ttf in Resources */,
				386C56BC301735EC0066DC31 /* WorkSans-Light.ttf in Resources */,
			);
			runOnlyForDeploymentPostprocessing = 0;
		};
/* End PBXResourcesBuildPhase section */

/* Begin PBXSourcesBuildPhase section */
		386C568530171FC90066DC31 /* Sources */ = {
			isa = PBXSourcesBuildPhase;
			buildActionMask = 2147483647;
			files = (
				3827FA1B3033361D00F665F3 /* faceCaptureCamera.swift in Sources */,
				388C567F3019D204002C252C /* SettingsView.swift in Sources */,
				3880E0173018CCAE00075E50 /* NetworkManager.swift in Sources */,
				386C56C1301739210066DC31 /* Common.swift in Sources */,
				3848575F30342AE60065A453 /* MenuViewModel.swift in Sources */,
				3881C99A3021F9A300369C3E /* ChangePwdView.swift in Sources */,
				3881C9983021EE5A00369C3E /* demoView.swift in Sources */,
				3880E0113018B66300075E50 /* AuthenticationModel.swift in Sources */,
				3884265D302AF4B6002943B9 /* MenuView.swift in Sources */,
				3848575930342A790065A453 /* LeaveFormView.swift in Sources */,
				386C56B9301734350066DC31 /* Helper.swift in Sources */,
				38C718FF302EDB2D0005DAD3 /* UserSetup.swift in Sources */,
				3827F9EA3032D16200F665F3 /* MyDayPlanView.swift in Sources */,
				387443D93024823B008EFC66 /* PermissionManager.swift in Sources */,
				383365E6302C9AAB0054B736 /* MasterSyncModel.swift in Sources */,
				386C56C330174F020066DC31 /* LoginView.swift in Sources */,
				383365E2302C9A6E0054B736 /* MasterSyncView.swift in Sources */,
				3848575D30342ADB0065A453 /* LeaveViewModel.swift in Sources */,
				383365E4302C9A8D0054B736 /* MasterSyncViewModel.swift in Sources */,
				387443D730247C00008EFC66 /* LocationViewModel.swift in Sources */,
				38C7198D302F19FA0005DAD3 /* ToastManager.swift in Sources */,
				3827F9EE3032DB7200F665F3 /* MyDayPlanViewModel.swift in Sources */,
				387A87913025ABE300B533FB /* DashboardView.swift in Sources */,
				3880E0133018B67400075E50 /* AuthenticationViewModel.swift in Sources */,
				387A87973025CF7200B533FB /* DashboardModel.swift in Sources */,
				3827F9EC3032DAD800F665F3 /* SelectionFieldView.swift in Sources */,
				3880E01B3018D5D400075E50 /* Constant.swift in Sources */,
				3848576230342B7E0065A453 /* LeaveModel.swift in Sources */,
				386C56A8301722C10066DC31 /* WelcomeView.swift in Sources */,
				387A87993025D00000B533FB /* DashboardViewModel.swift in Sources */,
				388C569D301A0BDA002C252C /* CoreDataManager.swift in Sources */,
				3880E0193018D22D00075E50 /* APIClient.swift in Sources */,
				383365E8302C9BDE0054B736 /* BottomTabBar.swift in Sources */,
				388C569F301A1D49002C252C /* SessionManager.swift in Sources */,
			);
			runOnlyForDeploymentPostprocessing = 0;
		};
/* End PBXSourcesBuildPhase section */

/* Begin XCBuildConfiguration section */
		386C569730171FCB0066DC31 /* Debug */ = {
			isa = XCBuildConfiguration;
			buildSettings = {
				ALWAYS_SEARCH_USER_PATHS = NO;
				ASSETCATALOG_COMPILER_GENERATE_SWIFT_ASSET_SYMBOL_EXTENSIONS = YES;
				CLANG_ANALYZER_NONNULL = YES;
				CLANG_ANALYZER_NUMBER_OBJECT_CONVERSION = YES_AGGRESSIVE;
				CLANG_CXX_LANGUAGE_STANDARD = "gnu++20";
				CLANG_ENABLE_MODULES = YES;
				CLANG_ENABLE_OBJC_ARC = YES;
				CLANG_ENABLE_OBJC_WEAK = YES;
				CLANG_WARN_BLOCK_CAPTURE_AUTORELEASING = YES;
				CLANG_WARN_BOOL_CONVERSION = YES;
				CLANG_WARN_COMMA = YES;
				CLANG_WARN_CONSTANT_CONVERSION = YES;
				CLANG_WARN_DEPRECATED_OBJC_IMPLEMENTATIONS = YES;
				CLANG_WARN_DIRECT_OBJC_ISA_USAGE = YES_ERROR;
				CLANG_WARN_DOCUMENTATION_COMMENTS = YES;
				CLANG_WARN_EMPTY_BODY = YES;
				CLANG_WARN_ENUM_CONVERSION = YES;
				CLANG_WARN_INFINITE_RECURSION = YES;
				CLANG_WARN_INT_CONVERSION = YES;
				CLANG_WARN_NON_LITERAL_NULL_CONVERSION = YES;
				CLANG_WARN_OBJC_IMPLICIT_RETAIN_SELF = YES;
				CLANG_WARN_OBJC_LITERAL_CONVERSION = YES;
				CLANG_WARN_OBJC_ROOT_CLASS = YES_ERROR;
				CLANG_WARN_QUOTED_INCLUDE_IN_FRAMEWORK_HEADER = YES;
				CLANG_WARN_RANGE_LOOP_ANALYSIS = YES;
				CLANG_WARN_STRICT_PROTOTYPES = YES;
				CLANG_WARN_SUSPICIOUS_MOVE = YES;
				CLANG_WARN_UNGUARDED_AVAILABILITY = YES_AGGRESSIVE;
				CLANG_WARN_UNREACHABLE_CODE = YES;
				CLANG_WARN__DUPLICATE_METHOD_MATCH = YES;
				COPY_PHASE_STRIP = NO;
				DEBUG_INFORMATION_FORMAT = dwarf;
				DEVELOPMENT_TEAM = N89SJ534H4;
				ENABLE_STRICT_OBJC_MSGSEND = YES;
				ENABLE_TESTABILITY = YES;
				ENABLE_USER_SCRIPT_SANDBOXING = YES;
				GCC_C_LANGUAGE_STANDARD = gnu17;
				GCC_DYNAMIC_NO_PIC = NO;
				GCC_NO_COMMON_BLOCKS = YES;
				GCC_OPTIMIZATION_LEVEL = 0;
				GCC_PREPROCESSOR_DEFINITIONS = (
					"DEBUG=1",
					"$(inherited)",
				);
				GCC_WARN_64_TO_32_BIT_CONVERSION = YES;
				GCC_WARN_ABOUT_RETURN_TYPE = YES_ERROR;
				GCC_WARN_UNDECLARED_SELECTOR = YES;
				GCC_WARN_UNINITIALIZED_AUTOS = YES_AGGRESSIVE;
				GCC_WARN_UNUSED_FUNCTION = YES;
				GCC_WARN_UNUSED_VARIABLE = YES;
				IPHONEOS_DEPLOYMENT_TARGET = 26.5;
				LOCALIZATION_PREFERS_STRING_CATALOGS = YES;
				MTL_ENABLE_DEBUG_INFO = INCLUDE_SOURCE;
				MTL_FAST_MATH = YES;
				ONLY_ACTIVE_ARCH = YES;
				SDKROOT = iphoneos;
				SWIFT_ACTIVE_COMPILATION_CONDITIONS = "DEBUG $(inherited)";
				SWIFT_OPTIMIZATION_LEVEL = "-Onone";
			};
			name = Debug;
		};
		386C569830171FCB0066DC31 /* Release */ = {
			isa = XCBuildConfiguration;
			buildSettings = {
				ALWAYS_SEARCH_USER_PATHS = NO;
				ASSETCATALOG_COMPILER_GENERATE_SWIFT_ASSET_SYMBOL_EXTENSIONS = YES;
				CLANG_ANALYZER_NONNULL = YES;
				CLANG_ANALYZER_NUMBER_OBJECT_CONVERSION = YES_AGGRESSIVE;
				CLANG_CXX_LANGUAGE_STANDARD = "gnu++20";
				CLANG_ENABLE_MODULES = YES;
				CLANG_ENABLE_OBJC_ARC = YES;
				CLANG_ENABLE_OBJC_WEAK = YES;
				CLANG_WARN_BLOCK_CAPTURE_AUTORELEASING = YES;
				CLANG_WARN_BOOL_CONVERSION = YES;
				CLANG_WARN_COMMA = YES;
				CLANG_WARN_CONSTANT_CONVERSION = YES;
				CLANG_WARN_DEPRECATED_OBJC_IMPLEMENTATIONS = YES;
				CLANG_WARN_DIRECT_OBJC_ISA_USAGE = YES_ERROR;
				CLANG_WARN_DOCUMENTATION_COMMENTS = YES;
				CLANG_WARN_EMPTY_BODY = YES;
				CLANG_WARN_ENUM_CONVERSION = YES;
				CLANG_WARN_INFINITE_RECURSION = YES;
				CLANG_WARN_INT_CONVERSION = YES;
				CLANG_WARN_NON_LITERAL_NULL_CONVERSION = YES;
				CLANG_WARN_OBJC_IMPLICIT_RETAIN_SELF = YES;
				CLANG_WARN_OBJC_LITERAL_CONVERSION = YES;
				CLANG_WARN_OBJC_ROOT_CLASS = YES_ERROR;
				CLANG_WARN_QUOTED_INCLUDE_IN_FRAMEWORK_HEADER = YES;
				CLANG_WARN_RANGE_LOOP_ANALYSIS = YES;
				CLANG_WARN_STRICT_PROTOTYPES = YES;
				CLANG_WARN_SUSPICIOUS_MOVE = YES;
				CLANG_WARN_UNGUARDED_AVAILABILITY = YES_AGGRESSIVE;
				CLANG_WARN_UNREACHABLE_CODE = YES;
				CLANG_WARN__DUPLICATE_METHOD_MATCH = YES;
				COPY_PHASE_STRIP = NO;
				DEBUG_INFORMATION_FORMAT = "dwarf-with-dsym";
				DEVELOPMENT_TEAM = N89SJ534H4;
				ENABLE_NS_ASSERTIONS = NO;
				ENABLE_STRICT_OBJC_MSGSEND = YES;
				ENABLE_USER_SCRIPT_SANDBOXING = YES;
				GCC_C_LANGUAGE_STANDARD = gnu17;
				GCC_NO_COMMON_BLOCKS = YES;
				GCC_WARN_64_TO_32_BIT_CONVERSION = YES;
				GCC_WARN_ABOUT_RETURN_TYPE = YES_ERROR;
				GCC_WARN_UNDECLARED_SELECTOR = YES;
				GCC_WARN_UNINITIALIZED_AUTOS = YES_AGGRESSIVE;
				GCC_WARN_UNUSED_FUNCTION = YES;
				GCC_WARN_UNUSED_VARIABLE = YES;
				IPHONEOS_DEPLOYMENT_TARGET = 26.5;
				LOCALIZATION_PREFERS_STRING_CATALOGS = YES;
				MTL_ENABLE_DEBUG_INFO = NO;
				MTL_FAST_MATH = YES;
				SDKROOT = iphoneos;
				SWIFT_COMPILATION_MODE = wholemodule;
				VALIDATE_PRODUCT = YES;
			};
			name = Release;
		};
		386C569A30171FCB0066DC31 /* Debug */ = {
			isa = XCBuildConfiguration;
			buildSettings = {
				ASSETCATALOG_COMPILER_APPICON_NAME = AppIcon;
				ASSETCATALOG_COMPILER_GLOBAL_ACCENT_COLOR_NAME = AccentColor;
				CODE_SIGN_STYLE = Automatic;
				CURRENT_PROJECT_VERSION = 1;
				DEVELOPMENT_TEAM = N89SJ534H4;
				ENABLE_PREVIEWS = YES;
				GENERATE_INFOPLIST_FILE = YES;
				INFOPLIST_FILE = SalesJump/Info.plist;
				INFOPLIST_KEY_NSCameraUsageDescription = "Camera access required";
				INFOPLIST_KEY_NSLocationAlwaysAndWhenInUseUsageDescription = "We use your location fetch your current location";
				INFOPLIST_KEY_NSLocationAlwaysUsageDescription = "For requesting location while the app is in use";
				INFOPLIST_KEY_NSLocationWhenInUseUsageDescription = "We use your location to automatically detect your current location";
				INFOPLIST_KEY_UIApplicationSceneManifest_Generation = YES;
				INFOPLIST_KEY_UIApplicationSupportsIndirectInputEvents = YES;
				INFOPLIST_KEY_UILaunchScreen_Generation = YES;
				INFOPLIST_KEY_UISupportedInterfaceOrientations_iPad = "UIInterfaceOrientationPortrait UIInterfaceOrientationPortraitUpsideDown UIInterfaceOrientationLandscapeLeft UIInterfaceOrientationLandscapeRight";
				INFOPLIST_KEY_UISupportedInterfaceOrientations_iPhone = "UIInterfaceOrientationPortrait UIInterfaceOrientationLandscapeLeft UIInterfaceOrientationLandscapeRight";
				IPHONEOS_DEPLOYMENT_TARGET = 16.6;
				LD_RUNPATH_SEARCH_PATHS = (
					"$(inherited)",
					"@executable_path/Frameworks",
				);
				MARKETING_VERSION = 1.0;
				PRODUCT_BUNDLE_IDENTIFIER = com.saneforce.SalesJump;
				PRODUCT_NAME = "$(TARGET_NAME)";
				STRING_CATALOG_GENERATE_SYMBOLS = YES;
				SWIFT_APPROACHABLE_CONCURRENCY = YES;
				SWIFT_DEFAULT_ACTOR_ISOLATION = MainActor;
				SWIFT_EMIT_LOC_STRINGS = YES;
				SWIFT_UPCOMING_FEATURE_MEMBER_IMPORT_VISIBILITY = YES;
				SWIFT_VERSION = 5.0;
				TARGETED_DEVICE_FAMILY = "1,2";
			};
			name = Debug;
		};
		386C569B30171FCB0066DC31 /* Release */ = {
			isa = XCBuildConfiguration;
			buildSettings = {
				ASSETCATALOG_COMPILER_APPICON_NAME = AppIcon;
				ASSETCATALOG_COMPILER_GLOBAL_ACCENT_COLOR_NAME = AccentColor;
				CODE_SIGN_STYLE = Automatic;
				CURRENT_PROJECT_VERSION = 1;
				DEVELOPMENT_TEAM = N89SJ534H4;
				ENABLE_PREVIEWS = YES;
				GENERATE_INFOPLIST_FILE = YES;
				INFOPLIST_FILE = SalesJump/Info.plist;
				INFOPLIST_KEY_NSCameraUsageDescription = "Camera access required";
				INFOPLIST_KEY_NSLocationAlwaysAndWhenInUseUsageDescription = "We use your location fetch your current location";
				INFOPLIST_KEY_NSLocationAlwaysUsageDescription = "For requesting location while the app is in use";
				INFOPLIST_KEY_NSLocationWhenInUseUsageDescription = "We use your location to automatically detect your current location";
				INFOPLIST_KEY_UIApplicationSceneManifest_Generation = YES;
				INFOPLIST_KEY_UIApplicationSupportsIndirectInputEvents = YES;
				INFOPLIST_KEY_UILaunchScreen_Generation = YES;
				INFOPLIST_KEY_UISupportedInterfaceOrientations_iPad = "UIInterfaceOrientationPortrait UIInterfaceOrientationPortraitUpsideDown UIInterfaceOrientationLandscapeLeft UIInterfaceOrientationLandscapeRight";
				INFOPLIST_KEY_UISupportedInterfaceOrientations_iPhone = "UIInterfaceOrientationPortrait UIInterfaceOrientationLandscapeLeft UIInterfaceOrientationLandscapeRight";
				IPHONEOS_DEPLOYMENT_TARGET = 16.6;
				LD_RUNPATH_SEARCH_PATHS = (
					"$(inherited)",
					"@executable_path/Frameworks",
				);
				MARKETING_VERSION = 1.0;
				PRODUCT_BUNDLE_IDENTIFIER = com.saneforce.SalesJump;
				PRODUCT_NAME = "$(TARGET_NAME)";
				STRING_CATALOG_GENERATE_SYMBOLS = YES;
				SWIFT_APPROACHABLE_CONCURRENCY = YES;
				SWIFT_DEFAULT_ACTOR_ISOLATION = MainActor;
				SWIFT_EMIT_LOC_STRINGS = YES;
				SWIFT_UPCOMING_FEATURE_MEMBER_IMPORT_VISIBILITY = YES;
				SWIFT_VERSION = 5.0;
				TARGETED_DEVICE_FAMILY = "1,2";
			};
			name = Release;
		};
/* End XCBuildConfiguration section */

/* Begin XCConfigurationList section */
		386C568430171FC90066DC31 /* Build configuration list for PBXProject "SalesJump" */ = {
			isa = XCConfigurationList;
			buildConfigurations = (
				386C569730171FCB0066DC31 /* Debug */,
				386C569830171FCB0066DC31 /* Release */,
			);
			defaultConfigurationIsVisible = 0;
			defaultConfigurationName = Release;
		};
		386C569930171FCB0066DC31 /* Build configuration list for PBXNativeTarget "SalesJump" */ = {
			isa = XCConfigurationList;
			buildConfigurations = (
				386C569A30171FCB0066DC31 /* Debug */,
				386C569B30171FCB0066DC31 /* Release */,
			);
			defaultConfigurationIsVisible = 0;
			defaultConfigurationName = Release;
		};
/* End XCConfigurationList section */
	};
	rootObject = 386C568130171FC90066DC31 /* Project object */;
}
